// !$*UTF8*$!
{
	archiveVersion = 1;
	classes = {
	};
	objectVersion = 48;
	objects = {

/* Begin PBXBuildFile section */
		7B0DB9CF2019110A00FBDCB7 /* Forecast.swift in Sources */ = {isa = PBXBuildFile; fileRef = 7B0DB9CE2019110A00FBDCB7 /* Forecast.swift */; };
		7B0DB9D32019194800FBDCB7 /* ForecastTest.swift in Sources */ = {isa = PBXBuildFile; fileRef = 7B0DB9D22019194800FBDCB7 /* ForecastTest.swift */; };
		7B0DB9D52019244900FBDCB7 /* SweetRouter.framework in Frameworks */ = {isa = PBXBuildFile; fileRef = 7B0DB9D42019244900FBDCB7 /* SweetRouter.framework */; };
		7B0DB9D72019274300FBDCB7 /* SweetRouter.framework in Embed Frameworks */ = {isa = PBXBuildFile; fileRef = 7B0DB9D42019244900FBDCB7 /* SweetRouter.framework */; settings = {ATTRIBUTES = (CodeSignOnCopy, RemoveHeadersOnCopy, ); }; };
		7B0DB9DA20192E0400FBDCB7 /* ApiConnector.framework in Frameworks */ = {isa = PBXBuildFile; fileRef = 7B0DB9D820192DFF00FBDCB7 /* ApiConnector.framework */; };
		7B0DB9DB20192E0400FBDCB7 /* ApiConnector.framework in Embed Frameworks */ = {isa = PBXBuildFile; fileRef = 7B0DB9D820192DFF00FBDCB7 /* ApiConnector.framework */; settings = {ATTRIBUTES = (CodeSignOnCopy, RemoveHeadersOnCopy, ); }; };
		7B0DB9DE20192F0400FBDCB7 /* Router.swift in Sources */ = {isa = PBXBuildFile; fileRef = 7B0DB9DD20192F0400FBDCB7 /* Router.swift */; };
		7B0DB9E02019346900FBDCB7 /* ApiConnector.swift in Sources */ = {isa = PBXBuildFile; fileRef = 7B0DB9DF2019346900FBDCB7 /* ApiConnector.swift */; };
		7B0DB9E22019366700FBDCB7 /* ApiRouterTest.swift in Sources */ = {isa = PBXBuildFile; fileRef = 7B0DB9E12019366700FBDCB7 /* ApiRouterTest.swift */; };
		7B26ED6D201ED0CC00F3944B /* TodayForecastTableViewCell.swift in Sources */ = {isa = PBXBuildFile; fileRef = 7B26ED6C201ED0CC00F3944B /* TodayForecastTableViewCell.swift */; };
		7B26ED6F201FBBAD00F3944B /* InformationViewController.swift in Sources */ = {isa = PBXBuildFile; fileRef = 7B26ED6E201FBBAD00F3944B /* InformationViewController.swift */; };
		7B26ED71201FC53D00F3944B /* InformationViewModel.swift in Sources */ = {isa = PBXBuildFile; fileRef = 7B26ED70201FC53D00F3944B /* InformationViewModel.swift */; };
		7B26ED752020598900F3944B /* SettingsViewController.swift in Sources */ = {isa = PBXBuildFile; fileRef = 7B26ED742020598900F3944B /* SettingsViewController.swift */; };
		7B26ED7720205D7100F3944B /* SettingsTableViewCell.swift in Sources */ = {isa = PBXBuildFile; fileRef = 7B26ED7620205D7100F3944B /* SettingsTableViewCell.swift */; };
		7B26ED7920205EDB00F3944B /* SettingsViewModel.swift in Sources */ = {isa = PBXBuildFile; fileRef = 7B26ED7820205EDB00F3944B /* SettingsViewModel.swift */; };
		7BA46D2E20188D020034E539 /* AppDelegate.swift in Sources */ = {isa = PBXBuildFile; fileRef = 7BA46D2D20188D020034E539 /* AppDelegate.swift */; };
		7BA46D3020188D020034E539 /* DashboardViewController.swift in Sources */ = {isa = PBXBuildFile; fileRef = 7BA46D2F20188D020034E539 /* DashboardViewController.swift */; };
		7BA46D3320188D020034E539 /* Main.storyboard in Resources */ = {isa = PBXBuildFile; fileRef = 7BA46D3120188D020034E539 /* Main.storyboard */; };
		7BA46D3520188D020034E539 /* Assets.xcassets in Resources */ = {isa = PBXBuildFile; fileRef = 7BA46D3420188D020034E539 /* Assets.xcassets */; };
		7BA46D3820188D020034E539 /* LaunchScreen.storyboard in Resources */ = {isa = PBXBuildFile; fileRef = 7BA46D3620188D020034E539 /* LaunchScreen.storyboard */; };
		7BA46D4320188D030034E539 /* weaterify_iosTests.swift in Sources */ = {isa = PBXBuildFile; fileRef = 7BA46D4220188D030034E539 /* weaterify_iosTests.swift */; };
		7BD10FDA201E246F00958338 /* Double.swift in Sources */ = {isa = PBXBuildFile; fileRef = 7BD10FD9201E246F00958338 /* Double.swift */; };
		7BD10FDD201E5BFB00958338 /* LocationManager.swift in Sources */ = {isa = PBXBuildFile; fileRef = 7BD10FDC201E5BFB00958338 /* LocationManager.swift */; };
		7BD10FDF201E5C2400958338 /* RxCLLocationManagerDelegateProxy.swift in Sources */ = {isa = PBXBuildFile; fileRef = 7BD10FDE201E5C2400958338 /* RxCLLocationManagerDelegateProxy.swift */; };
		7BD10FE1201E625500958338 /* CLLocationManager+Rx.swift in Sources */ = {isa = PBXBuildFile; fileRef = 7BD10FE0201E625500958338 /* CLLocationManager+Rx.swift */; };
		7BD4EF3F20193D590050BF78 /* Optionable.swift in Sources */ = {isa = PBXBuildFile; fileRef = 7BD4EF3E20193D590050BF78 /* Optionable.swift */; };
		7BD4EF44201943AC0050BF78 /* Date.swift in Sources */ = {isa = PBXBuildFile; fileRef = 7BD4EF43201943AC0050BF78 /* Date.swift */; };
		7BD4EF49201966760050BF78 /* MainStore.swift in Sources */ = {isa = PBXBuildFile; fileRef = 7BD4EF48201966760050BF78 /* MainStore.swift */; };
		7BD4EF4B201966850050BF78 /* AppMiddleware.swift in Sources */ = {isa = PBXBuildFile; fileRef = 7BD4EF4A201966850050BF78 /* AppMiddleware.swift */; };
		7BD4EF4D201966C60050BF78 /* AppRoute.swift in Sources */ = {isa = PBXBuildFile; fileRef = 7BD4EF4C201966C60050BF78 /* AppRoute.swift */; };
		7BD4EF4F2019690A0050BF78 /* SwiftyStoryboard.framework in Frameworks */ = {isa = PBXBuildFile; fileRef = 7BD4EF4E2019690A0050BF78 /* SwiftyStoryboard.framework */; };
		7BD4EF502019692D0050BF78 /* SwiftyStoryboard.framework in Frameworks */ = {isa = PBXBuildFile; fileRef = 7BD4EF4E2019690A0050BF78 /* SwiftyStoryboard.framework */; };
		7BD4EF512019692D0050BF78 /* SwiftyStoryboard.framework in Embed Frameworks */ = {isa = PBXBuildFile; fileRef = 7BD4EF4E2019690A0050BF78 /* SwiftyStoryboard.framework */; settings = {ATTRIBUTES = (CodeSignOnCopy, RemoveHeadersOnCopy, ); }; };
		7BD4EF5320196B6D0050BF78 /* MainStoryboard.swift in Sources */ = {isa = PBXBuildFile; fileRef = 7BD4EF5220196B6D0050BF78 /* MainStoryboard.swift */; };
		7BD4EF5520196C0F0050BF78 /* RxSwift.swift in Sources */ = {isa = PBXBuildFile; fileRef = 7BD4EF5420196C0F0050BF78 /* RxSwift.swift */; };
		7BD4EF59201972680050BF78 /* TodayForecastViewModel.swift in Sources */ = {isa = PBXBuildFile; fileRef = 7BD4EF58201972680050BF78 /* TodayForecastViewModel.swift */; };
		7BD4EF5C20197C510050BF78 /* DailyForecastTableViewCell.swift in Sources */ = {isa = PBXBuildFile; fileRef = 7BD4EF5B20197C510050BF78 /* DailyForecastTableViewCell.swift */; };
		7BD4EF5E20197F3A0050BF78 /* DailyForecastViewModel.swift in Sources */ = {isa = PBXBuildFile; fileRef = 7BD4EF5D20197F3A0050BF78 /* DailyForecastViewModel.swift */; };
		7BEF26742018A54600E4421D /* BonMot.framework in Frameworks */ = {isa = PBXBuildFile; fileRef = 7BEF266A2018A53B00E4421D /* BonMot.framework */; };
		7BEF26752018A54600E4421D /* BonMot.framework in Embed Frameworks */ = {isa = PBXBuildFile; fileRef = 7BEF266A2018A53B00E4421D /* BonMot.framework */; settings = {ATTRIBUTES = (CodeSignOnCopy, RemoveHeadersOnCopy, ); }; };
		7BEF26762018A54600E4421D /* Kingfisher.framework in Frameworks */ = {isa = PBXBuildFile; fileRef = 7BEF266C2018A53C00E4421D /* Kingfisher.framework */; };
		7BEF26772018A54600E4421D /* Kingfisher.framework in Embed Frameworks */ = {isa = PBXBuildFile; fileRef = 7BEF266C2018A53C00E4421D /* Kingfisher.framework */; settings = {ATTRIBUTES = (CodeSignOnCopy, RemoveHeadersOnCopy, ); }; };
		7BEF26782018A54600E4421D /* ReactiveReSwift.framework in Frameworks */ = {isa = PBXBuildFile; fileRef = 7BEF266B2018A53B00E4421D /* ReactiveReSwift.framework */; };
		7BEF26792018A54600E4421D /* ReactiveReSwift.framework in Embed Frameworks */ = {isa = PBXBuildFile; fileRef = 7BEF266B2018A53B00E4421D /* ReactiveReSwift.framework */; settings = {ATTRIBUTES = (CodeSignOnCopy, RemoveHeadersOnCopy, ); }; };
		7BEF267A2018A54600E4421D /* RxCocoa.framework in Frameworks */ = {isa = PBXBuildFile; fileRef = 7BEF266D2018A53C00E4421D /* RxCocoa.framework */; };
		7BEF267B2018A54600E4421D /* RxCocoa.framework in Embed Frameworks */ = {isa = PBXBuildFile; fileRef = 7BEF266D2018A53C00E4421D /* RxCocoa.framework */; settings = {ATTRIBUTES = (CodeSignOnCopy, RemoveHeadersOnCopy, ); }; };
		7BEF267C2018A54600E4421D /* RxSwift.framework in Frameworks */ = {isa = PBXBuildFile; fileRef = 7BEF266E2018A53C00E4421D /* RxSwift.framework */; };
		7BEF267D2018A54600E4421D /* RxSwift.framework in Embed Frameworks */ = {isa = PBXBuildFile; fileRef = 7BEF266E2018A53C00E4421D /* RxSwift.framework */; settings = {ATTRIBUTES = (CodeSignOnCopy, RemoveHeadersOnCopy, ); }; };
/* End PBXBuildFile section */

/* Begin PBXContainerItemProxy section */
		7BA46D3F20188D030034E539 /* PBXContainerItemProxy */ = {
			isa = PBXContainerItemProxy;
			containerPortal = 7BA46D2220188D020034E539 /* Project object */;
			proxyType = 1;
			remoteGlobalIDString = 7BA46D2920188D020034E539;
			remoteInfo = "weaterify-ios";
		};
/* End PBXContainerItemProxy section */

/* Begin PBXCopyFilesBuildPhase section */
		7BEF267E2018A54700E4421D /* Embed Frameworks */ = {
			isa = PBXCopyFilesBuildPhase;
			buildActionMask = 2147483647;
			dstPath = "";
			dstSubfolderSpec = 10;
			files = (
				7B0DB9D72019274300FBDCB7 /* SweetRouter.framework in Embed Frameworks */,
				7BEF267D2018A54600E4421D /* RxSwift.framework in Embed Frameworks */,
				7B0DB9DB20192E0400FBDCB7 /* ApiConnector.framework in Embed Frameworks */,
				7BEF267B2018A54600E4421D /* RxCocoa.framework in Embed Frameworks */,
				7BEF26772018A54600E4421D /* Kingfisher.framework in Embed Frameworks */,
				7BD4EF512019692D0050BF78 /* SwiftyStoryboard.framework in Embed Frameworks */,
				7BEF26752018A54600E4421D /* BonMot.framework in Embed Frameworks */,
				7BEF26792018A54600E4421D /* ReactiveReSwift.framework in Embed Frameworks */,
			);
			name = "Embed Frameworks";
			runOnlyForDeploymentPostprocessing = 0;
		};
/* End PBXCopyFilesBuildPhase section */

/* Begin PBXFileReference section */
		7B0DB9CE2019110A00FBDCB7 /* Forecast.swift */ = {isa = PBXFileReference; lastKnownFileType = sourcecode.swift; path = Forecast.swift; sourceTree = "<group>"; };
		7B0DB9D22019194800FBDCB7 /* ForecastTest.swift */ = {isa = PBXFileReference; lastKnownFileType = sourcecode.swift; path = ForecastTest.swift; sourceTree = "<group>"; };
		7B0DB9D42019244900FBDCB7 /* SweetRouter.framework */ = {isa = PBXFileReference; lastKnownFileType = wrapper.framework; name = SweetRouter.framework; path = Carthage/Build/iOS/SweetRouter.framework; sourceTree = SOURCE_ROOT; };
		7B0DB9D820192DFF00FBDCB7 /* ApiConnector.framework */ = {isa = PBXFileReference; lastKnownFileType = wrapper.framework; name = ApiConnector.framework; path = Carthage/Build/iOS/ApiConnector.framework; sourceTree = SOURCE_ROOT; };
		7B0DB9DD20192F0400FBDCB7 /* Router.swift */ = {isa = PBXFileReference; lastKnownFileType = sourcecode.swift; path = Router.swift; sourceTree = "<group>"; };
		7B0DB9DF2019346900FBDCB7 /* ApiConnector.swift */ = {isa = PBXFileReference; lastKnownFileType = sourcecode.swift; path = ApiConnector.swift; sourceTree = "<group>"; };
		7B0DB9E12019366700FBDCB7 /* ApiRouterTest.swift */ = {isa = PBXFileReference; lastKnownFileType = sourcecode.swift; path = ApiRouterTest.swift; sourceTree = "<group>"; };
		7B26ED6C201ED0CC00F3944B /* TodayForecastTableViewCell.swift */ = {isa = PBXFileReference; lastKnownFileType = sourcecode.swift; path = TodayForecastTableViewCell.swift; sourceTree = "<group>"; };
		7B26ED6E201FBBAD00F3944B /* InformationViewController.swift */ = {isa = PBXFileReference; lastKnownFileType = sourcecode.swift; path = InformationViewController.swift; sourceTree = "<group>"; };
		7B26ED70201FC53D00F3944B /* InformationViewModel.swift */ = {isa = PBXFileReference; lastKnownFileType = sourcecode.swift; path = InformationViewModel.swift; sourceTree = "<group>"; };
		7B26ED742020598900F3944B /* SettingsViewController.swift */ = {isa = PBXFileReference; lastKnownFileType = sourcecode.swift; path = SettingsViewController.swift; sourceTree = "<group>"; };
		7B26ED7620205D7100F3944B /* SettingsTableViewCell.swift */ = {isa = PBXFileReference; lastKnownFileType = sourcecode.swift; path = SettingsTableViewCell.swift; sourceTree = "<group>"; };
		7B26ED7820205EDB00F3944B /* SettingsViewModel.swift */ = {isa = PBXFileReference; lastKnownFileType = sourcecode.swift; path = SettingsViewModel.swift; sourceTree = "<group>"; };
		7BA46D2A20188D020034E539 /* weaterify-ios.app */ = {isa = PBXFileReference; explicitFileType = wrapper.application; includeInIndex = 0; path = "weaterify-ios.app"; sourceTree = BUILT_PRODUCTS_DIR; };
		7BA46D2D20188D020034E539 /* AppDelegate.swift */ = {isa = PBXFileReference; lastKnownFileType = sourcecode.swift; path = AppDelegate.swift; sourceTree = "<group>"; };
		7BA46D2F20188D020034E539 /* DashboardViewController.swift */ = {isa = PBXFileReference; lastKnownFileType = sourcecode.swift; path = DashboardViewController.swift; sourceTree = "<group>"; };
		7BA46D3220188D020034E539 /* Base */ = {isa = PBXFileReference; lastKnownFileType = file.storyboard; name = Base; path = Base.lproj/Main.storyboard; sourceTree = "<group>"; };
		7BA46D3420188D020034E539 /* Assets.xcassets */ = {isa = PBXFileReference; lastKnownFileType = folder.assetcatalog; path = Assets.xcassets; sourceTree = "<group>"; };
		7BA46D3720188D020034E539 /* Base */ = {isa = PBXFileReference; lastKnownFileType = file.storyboard; name = Base; path = Base.lproj/LaunchScreen.storyboard; sourceTree = "<group>"; };
		7BA46D3920188D020034E539 /* Info.plist */ = {isa = PBXFileReference; lastKnownFileType = text.plist.xml; path = Info.plist; sourceTree = "<group>"; };
		7BA46D3E20188D030034E539 /* weaterify-iosTests.xctest */ = {isa = PBXFileReference; explicitFileType = wrapper.cfbundle; includeInIndex = 0; path = "weaterify-iosTests.xctest"; sourceTree = BUILT_PRODUCTS_DIR; };
		7BA46D4220188D030034E539 /* weaterify_iosTests.swift */ = {isa = PBXFileReference; lastKnownFileType = sourcecode.swift; path = weaterify_iosTests.swift; sourceTree = "<group>"; };
		7BA46D4420188D030034E539 /* Info.plist */ = {isa = PBXFileReference; lastKnownFileType = text.plist.xml; path = Info.plist; sourceTree = "<group>"; };
		7BD10FD9201E246F00958338 /* Double.swift */ = {isa = PBXFileReference; lastKnownFileType = sourcecode.swift; path = Double.swift; sourceTree = "<group>"; };
		7BD10FDC201E5BFB00958338 /* LocationManager.swift */ = {isa = PBXFileReference; lastKnownFileType = sourcecode.swift; path = LocationManager.swift; sourceTree = "<group>"; };
		7BD10FDE201E5C2400958338 /* RxCLLocationManagerDelegateProxy.swift */ = {isa = PBXFileReference; lastKnownFileType = sourcecode.swift; path = RxCLLocationManagerDelegateProxy.swift; sourceTree = "<group>"; };
		7BD10FE0201E625500958338 /* CLLocationManager+Rx.swift */ = {isa = PBXFileReference; lastKnownFileType = sourcecode.swift; path = "CLLocationManager+Rx.swift"; sourceTree = "<group>"; };
		7BD4EF3E20193D590050BF78 /* Optionable.swift */ = {isa = PBXFileReference; lastKnownFileType = sourcecode.swift; path = Optionable.swift; sourceTree = "<group>"; };
		7BD4EF43201943AC0050BF78 /* Date.swift */ = {isa = PBXFileReference; lastKnownFileType = sourcecode.swift; path = Date.swift; sourceTree = "<group>"; };
		7BD4EF48201966760050BF78 /* MainStore.swift */ = {isa = PBXFileReference; lastKnownFileType = sourcecode.swift; path = MainStore.swift; sourceTree = "<group>"; };
		7BD4EF4A201966850050BF78 /* AppMiddleware.swift */ = {isa = PBXFileReference; lastKnownFileType = sourcecode.swift; path = AppMiddleware.swift; sourceTree = "<group>"; };
		7BD4EF4C201966C60050BF78 /* AppRoute.swift */ = {isa = PBXFileReference; lastKnownFileType = sourcecode.swift; path = AppRoute.swift; sourceTree = "<group>"; };
		7BD4EF4E2019690A0050BF78 /* SwiftyStoryboard.framework */ = {isa = PBXFileReference; lastKnownFileType = wrapper.framework; name = SwiftyStoryboard.framework; path = Carthage/Build/iOS/SwiftyStoryboard.framework; sourceTree = SOURCE_ROOT; };
		7BD4EF5220196B6D0050BF78 /* MainStoryboard.swift */ = {isa = PBXFileReference; lastKnownFileType = sourcecode.swift; path = MainStoryboard.swift; sourceTree = "<group>"; };
		7BD4EF5420196C0F0050BF78 /* RxSwift.swift */ = {isa = PBXFileReference; lastKnownFileType = sourcecode.swift; path = RxSwift.swift; sourceTree = "<group>"; };
		7BD4EF58201972680050BF78 /* TodayForecastViewModel.swift */ = {isa = PBXFileReference; lastKnownFileType = sourcecode.swift; path = TodayForecastViewModel.swift; sourceTree = "<group>"; };
		7BD4EF5B20197C510050BF78 /* DailyForecastTableViewCell.swift */ = {isa = PBXFileReference; lastKnownFileType = sourcecode.swift; path = DailyForecastTableViewCell.swift; sourceTree = "<group>"; };
		7BD4EF5D20197F3A0050BF78 /* DailyForecastViewModel.swift */ = {isa = PBXFileReference; lastKnownFileType = sourcecode.swift; path = DailyForecastViewModel.swift; sourceTree = "<group>"; };
		7BEF266A2018A53B00E4421D /* BonMot.framework */ = {isa = PBXFileReference; lastKnownFileType = wrapper.framework; name = BonMot.framework; path = Carthage/Build/iOS/BonMot.framework; sourceTree = SOURCE_ROOT; };
		7BEF266B2018A53B00E4421D /* ReactiveReSwift.framework */ = {isa = PBXFileReference; lastKnownFileType = wrapper.framework; name = ReactiveReSwift.framework; path = Carthage/Build/iOS/ReactiveReSwift.framework; sourceTree = SOURCE_ROOT; };
		7BEF266C2018A53C00E4421D /* Kingfisher.framework */ = {isa = PBXFileReference; lastKnownFileType = wrapper.framework; name = Kingfisher.framework; path = Carthage/Build/iOS/Kingfisher.framework; sourceTree = SOURCE_ROOT; };
		7BEF266D2018A53C00E4421D /* RxCocoa.framework */ = {isa = PBXFileReference; lastKnownFileType = wrapper.framework; name = RxCocoa.framework; path = Carthage/Build/iOS/RxCocoa.framework; sourceTree = SOURCE_ROOT; };
		7BEF266E2018A53C00E4421D /* RxSwift.framework */ = {isa = PBXFileReference; lastKnownFileType = wrapper.framework; name = RxSwift.framework; path = Carthage/Build/iOS/RxSwift.framework; sourceTree = SOURCE_ROOT; };
/* End PBXFileReference section */

/* Begin PBXFrameworksBuildPhase section */
		7BA46D2720188D020034E539 /* Frameworks */ = {
			isa = PBXFrameworksBuildPhase;
			buildActionMask = 2147483647;
			files = (
				7BD4EF502019692D0050BF78 /* SwiftyStoryboard.framework in Frameworks */,
				7BEF267C2018A54600E4421D /* RxSwift.framework in Frameworks */,
				7BEF267A2018A54600E4421D /* RxCocoa.framework in Frameworks */,
				7B0DB9D52019244900FBDCB7 /* SweetRouter.framework in Frameworks */,
				7BEF26762018A54600E4421D /* Kingfisher.framework in Frameworks */,
				7BEF26742018A54600E4421D /* BonMot.framework in Frameworks */,
				7BD4EF4F2019690A0050BF78 /* SwiftyStoryboard.framework in Frameworks */,
				7BEF26782018A54600E4421D /* ReactiveReSwift.framework in Frameworks */,
				7B0DB9DA20192E0400FBDCB7 /* ApiConnector.framework in Frameworks */,
			);
			runOnlyForDeploymentPostprocessing = 0;
		};
		7BA46D3B20188D020034E539 /* Frameworks */ = {
			isa = PBXFrameworksBuildPhase;
			buildActionMask = 2147483647;
			files = (
			);
			runOnlyForDeploymentPostprocessing = 0;
		};
/* End PBXFrameworksBuildPhase section */

/* Begin PBXGroup section */
		7B0DB9CD201910FC00FBDCB7 /* Models */ = {
			isa = PBXGroup;
			children = (
				7B0DB9CE2019110A00FBDCB7 /* Forecast.swift */,
			);
			path = Models;
			sourceTree = "<group>";
		};
		7B0DB9DC20192EE900FBDCB7 /* NetworkConnectivity */ = {
			isa = PBXGroup;
			children = (
				7B0DB9DD20192F0400FBDCB7 /* Router.swift */,
				7B0DB9DF2019346900FBDCB7 /* ApiConnector.swift */,
			);
			path = NetworkConnectivity;
			sourceTree = "<group>";
		};
		7BA46D2120188D020034E539 = {
			isa = PBXGroup;
			children = (
				7BA46D2C20188D020034E539 /* weaterify-ios */,
				7BA46D4120188D030034E539 /* weaterify-iosTests */,
				7BA46D2B20188D020034E539 /* Products */,
			);
			sourceTree = "<group>";
		};
		7BA46D2B20188D020034E539 /* Products */ = {
			isa = PBXGroup;
			children = (
				7BA46D2A20188D020034E539 /* weaterify-ios.app */,
				7BA46D3E20188D030034E539 /* weaterify-iosTests.xctest */,
			);
			name = Products;
			sourceTree = "<group>";
		};
		7BA46D2C20188D020034E539 /* weaterify-ios */ = {
			isa = PBXGroup;
			children = (
				7BA46D2D20188D020034E539 /* AppDelegate.swift */,
				7BD4EF4C201966C60050BF78 /* AppRoute.swift */,
				7BD4EF47201966610050BF78 /* Redux */,
				7B0DB9CD201910FC00FBDCB7 /* Models */,
				7BD4EF57201972530050BF78 /* ViewModels */,
				7BD4EF56201971400050BF78 /* Controllers */,
				7BD10FDB201E5BC300958338 /* Location */,
				7BD4EF42201943A00050BF78 /* Extensions */,
				7BD4EF3D20193D4D0050BF78 /* Utilities */,
				7B0DB9DC20192EE900FBDCB7 /* NetworkConnectivity */,
				7BEF268B2018B40100E4421D /* Resources */,
				7BEF26692018A51F00E4421D /* frameworks */,
			);
			path = "weaterify-ios";
			sourceTree = "<group>";
		};
		7BA46D4120188D030034E539 /* weaterify-iosTests */ = {
			isa = PBXGroup;
			children = (
				7BA46D4420188D030034E539 /* Info.plist */,
				7BA46D4220188D030034E539 /* weaterify_iosTests.swift */,
				7B0DB9D22019194800FBDCB7 /* ForecastTest.swift */,
				7B0DB9E12019366700FBDCB7 /* ApiRouterTest.swift */,
			);
			path = "weaterify-iosTests";
			sourceTree = "<group>";
		};
		7BD10FDB201E5BC300958338 /* Location */ = {
			isa = PBXGroup;
			children = (
				7BD10FDC201E5BFB00958338 /* LocationManager.swift */,
				7BD10FDE201E5C2400958338 /* RxCLLocationManagerDelegateProxy.swift */,
			);
			path = Location;
			sourceTree = "<group>";
		};
		7BD4EF3D20193D4D0050BF78 /* Utilities */ = {
			isa = PBXGroup;
			children = (
				7BD4EF3E20193D590050BF78 /* Optionable.swift */,
			);
			path = Utilities;
			sourceTree = "<group>";
		};
		7BD4EF42201943A00050BF78 /* Extensions */ = {
			isa = PBXGroup;
			children = (
				7BD4EF43201943AC0050BF78 /* Date.swift */,
				7BD4EF5420196C0F0050BF78 /* RxSwift.swift */,
				7BD10FD9201E246F00958338 /* Double.swift */,
				7BD10FE0201E625500958338 /* CLLocationManager+Rx.swift */,
			);
			path = Extensions;
			sourceTree = "<group>";
		};
		7BD4EF47201966610050BF78 /* Redux */ = {
			isa = PBXGroup;
			children = (
				7BD4EF48201966760050BF78 /* MainStore.swift */,
				7BD4EF4A201966850050BF78 /* AppMiddleware.swift */,
			);
			path = Redux;
			sourceTree = "<group>";
		};
		7BD4EF56201971400050BF78 /* Controllers */ = {
			isa = PBXGroup;
			children = (
				7BA46D2F20188D020034E539 /* DashboardViewController.swift */,
				7B26ED6E201FBBAD00F3944B /* InformationViewController.swift */,
				7B26ED742020598900F3944B /* SettingsViewController.swift */,
				7BD4EF5A20197C030050BF78 /* TableViewCells */,
			);
			path = Controllers;
			sourceTree = "<group>";
		};
		7BD4EF57201972530050BF78 /* ViewModels */ = {
			isa = PBXGroup;
			children = (
				7BD4EF58201972680050BF78 /* TodayForecastViewModel.swift */,
				7BD4EF5D20197F3A0050BF78 /* DailyForecastViewModel.swift */,
				7B26ED70201FC53D00F3944B /* InformationViewModel.swift */,
				7B26ED7820205EDB00F3944B /* SettingsViewModel.swift */,
			);
			path = ViewModels;
			sourceTree = "<group>";
		};
		7BD4EF5A20197C030050BF78 /* TableViewCells */ = {
			isa = PBXGroup;
			children = (
				7B26ED6C201ED0CC00F3944B /* TodayForecastTableViewCell.swift */,
				7BD4EF5B20197C510050BF78 /* DailyForecastTableViewCell.swift */,
				7B26ED7620205D7100F3944B /* SettingsTableViewCell.swift */,
			);
			path = TableViewCells;
			sourceTree = "<group>";
		};
		7BEF26692018A51F00E4421D /* frameworks */ = {
			isa = PBXGroup;
			children = (
				7BD4EF4E2019690A0050BF78 /* SwiftyStoryboard.framework */,
				7B0DB9D820192DFF00FBDCB7 /* ApiConnector.framework */,
				7B0DB9D42019244900FBDCB7 /* SweetRouter.framework */,
				7BEF266A2018A53B00E4421D /* BonMot.framework */,
				7BEF266C2018A53C00E4421D /* Kingfisher.framework */,
				7BEF266B2018A53B00E4421D /* ReactiveReSwift.framework */,
				7BEF266D2018A53C00E4421D /* RxCocoa.framework */,
				7BEF266E2018A53C00E4421D /* RxSwift.framework */,
			);
			name = frameworks;
			sourceTree = "<group>";
		};
		7BEF268B2018B40100E4421D /* Resources */ = {
			isa = PBXGroup;
			children = (
				7BA46D3120188D020034E539 /* Main.storyboard */,
				7BA46D3420188D020034E539 /* Assets.xcassets */,
				7BA46D3620188D020034E539 /* LaunchScreen.storyboard */,
				7BA46D3920188D020034E539 /* Info.plist */,
				7BD4EF5220196B6D0050BF78 /* MainStoryboard.swift */,
			);
			path = Resources;
			sourceTree = "<group>";
		};
/* End PBXGroup section */

/* Begin PBXNativeTarget section */
		7BA46D2920188D020034E539 /* weaterify-ios */ = {
			isa = PBXNativeTarget;
			buildConfigurationList = 7BA46D4720188D030034E539 /* Build configuration list for PBXNativeTarget "weaterify-ios" */;
			buildPhases = (
				7BA46D2620188D020034E539 /* Sources */,
				7BA46D2720188D020034E539 /* Frameworks */,
				7BA46D2820188D020034E539 /* Resources */,
				7BEF267E2018A54700E4421D /* Embed Frameworks */,
				7BEF26892018ACE300E4421D /* Carthage frameworks */,
			);
			buildRules = (
			);
			dependencies = (
			);
			name = "weaterify-ios";
			productName = "weaterify-ios";
			productReference = 7BA46D2A20188D020034E539 /* weaterify-ios.app */;
			productType = "com.apple.product-type.application";
		};
		7BA46D3D20188D020034E539 /* weaterify-iosTests */ = {
			isa = PBXNativeTarget;
			buildConfigurationList = 7BA46D4A20188D030034E539 /* Build configuration list for PBXNativeTarget "weaterify-iosTests" */;
			buildPhases = (
				7BA46D3A20188D020034E539 /* Sources */,
				7BA46D3B20188D020034E539 /* Frameworks */,
				7BA46D3C20188D020034E539 /* Resources */,
			);
			buildRules = (
			);
			dependencies = (
				7BA46D4020188D030034E539 /* PBXTargetDependency */,
			);
			name = "weaterify-iosTests";
			productName = "weaterify-iosTests";
			productReference = 7BA46D3E20188D030034E539 /* weaterify-iosTests.xctest */;
			productType = "com.apple.product-type.bundle.unit-test";
		};
/* End PBXNativeTarget section */

/* Begin PBXProject section */
		7BA46D2220188D020034E539 /* Project object */ = {
			isa = PBXProject;
			attributes = {
				LastSwiftUpdateCheck = 0900;
				LastUpgradeCheck = 0920;
				ORGANIZATIONNAME = syllerim;
				TargetAttributes = {
					7BA46D2920188D020034E539 = {
						CreatedOnToolsVersion = 9.0.1;
						ProvisioningStyle = Manual;
					};
					7BA46D3D20188D020034E539 = {
						CreatedOnToolsVersion = 9.0.1;
						ProvisioningStyle = Manual;
						TestTargetID = 7BA46D2920188D020034E539;
					};
				};
			};
			buildConfigurationList = 7BA46D2520188D020034E539 /* Build configuration list for PBXProject "weaterify-ios" */;
			compatibilityVersion = "Xcode 8.0";
			developmentRegion = en;
			hasScannedForEncodings = 0;
			knownRegions = (
				en,
				Base,
			);
			mainGroup = 7BA46D2120188D020034E539;
			productRefGroup = 7BA46D2B20188D020034E539 /* Products */;
			projectDirPath = "";
			projectRoot = "";
			targets = (
				7BA46D2920188D020034E539 /* weaterify-ios */,
				7BA46D3D20188D020034E539 /* weaterify-iosTests */,
			);
		};
/* End PBXProject section */

/* Begin PBXResourcesBuildPhase section */
		7BA46D2820188D020034E539 /* Resources */ = {
			isa = PBXResourcesBuildPhase;
			buildActionMask = 2147483647;
			files = (
				7BA46D3820188D020034E539 /* LaunchScreen.storyboard in Resources */,
				7BA46D3520188D020034E539 /* Assets.xcassets in Resources */,
				7BA46D3320188D020034E539 /* Main.storyboard in Resources */,
			);
			runOnlyForDeploymentPostprocessing = 0;
		};
		7BA46D3C20188D020034E539 /* Resources */ = {
			isa = PBXResourcesBuildPhase;
			buildActionMask = 2147483647;
			files = (
			);
			runOnlyForDeploymentPostprocessing = 0;
		};
/* End PBXResourcesBuildPhase section */

/* Begin PBXShellScriptBuildPhase section */
		7BEF26892018ACE300E4421D /* Carthage frameworks */ = {
			isa = PBXShellScriptBuildPhase;
			buildActionMask = 2147483647;
			files = (
			);
			inputPaths = (
				"$(SRCROOT)/Carthage/Build/iOS/BonMot.framework",
				"$(SRCROOT)/Carthage/Build/iOS/Kingfisher.framework",
				"$(SRCROOT)/Carthage/Build/iOS/ReactiveReSwift.framework",
				"$(SRCROOT)/Carthage/Build/iOS/RxCocoa.framework",
				"$(SRCROOT)/Carthage/Build/iOS/RxSwift.framework",
				"$(SRCROOT)/Carthage/Build/iOS/SweetRouter.framework",
				"$(SRCROOT)/Carthage/Build/iOS/ApiConnector.framework",
				"$(SRCROOT)/Carthage/Build/iOS/SwiftyStoryboard.framework",
			);
			name = "Carthage frameworks";
			outputPaths = (
			);
			runOnlyForDeploymentPostprocessing = 0;
			shellPath = /bin/sh;
			shellScript = "/usr/local/bin/carthage copy-frameworks";
		};
/* End PBXShellScriptBuildPhase section */

/* Begin PBXSourcesBuildPhase section */
		7BA46D2620188D020034E539 /* Sources */ = {
			isa = PBXSourcesBuildPhase;
			buildActionMask = 2147483647;
			files = (
				7B0DB9DE20192F0400FBDCB7 /* Router.swift in Sources */,
				7BA46D3020188D020034E539 /* DashboardViewController.swift in Sources */,
				7B26ED7720205D7100F3944B /* SettingsTableViewCell.swift in Sources */,
				7B26ED6F201FBBAD00F3944B /* InformationViewController.swift in Sources */,
				7B26ED6D201ED0CC00F3944B /* TodayForecastTableViewCell.swift in Sources */,
				7BD4EF44201943AC0050BF78 /* Date.swift in Sources */,
				7BD4EF5520196C0F0050BF78 /* RxSwift.swift in Sources */,
				7BD4EF3F20193D590050BF78 /* Optionable.swift in Sources */,
				7BD4EF49201966760050BF78 /* MainStore.swift in Sources */,
				7BD4EF5320196B6D0050BF78 /* MainStoryboard.swift in Sources */,
				7B26ED7920205EDB00F3944B /* SettingsViewModel.swift in Sources */,
				7BD10FDD201E5BFB00958338 /* LocationManager.swift in Sources */,
				7BD4EF5C20197C510050BF78 /* DailyForecastTableViewCell.swift in Sources */,
				7BD4EF5E20197F3A0050BF78 /* DailyForecastViewModel.swift in Sources */,
				7B0DB9E02019346900FBDCB7 /* ApiConnector.swift in Sources */,
				7BD10FDA201E246F00958338 /* Double.swift in Sources */,
				7B0DB9CF2019110A00FBDCB7 /* Forecast.swift in Sources */,
				7B26ED752020598900F3944B /* SettingsViewController.swift in Sources */,
				7BD4EF4B201966850050BF78 /* AppMiddleware.swift in Sources */,
				7BD4EF59201972680050BF78 /* TodayForecastViewModel.swift in Sources */,
				7BD4EF4D201966C60050BF78 /* AppRoute.swift in Sources */,
				7BD10FE1201E625500958338 /* CLLocationManager+Rx.swift in Sources */,
				7BD10FDF201E5C2400958338 /* RxCLLocationManagerDelegateProxy.swift in Sources */,
				7BA46D2E20188D020034E539 /* AppDelegate.swift in Sources */,
				7B26ED71201FC53D00F3944B /* InformationViewModel.swift in Sources */,
			);
			runOnlyForDeploymentPostprocessing = 0;
		};
		7BA46D3A20188D020034E539 /* Sources */ = {
			isa = PBXSourcesBuildPhase;
			buildActionMask = 2147483647;
			files = (
				7B0DB9E22019366700FBDCB7 /* ApiRouterTest.swift in Sources */,
				7B0DB9D32019194800FBDCB7 /* ForecastTest.swift in Sources */,
				7BA46D4320188D030034E539 /* weaterify_iosTests.swift in Sources */,
			);
			runOnlyForDeploymentPostprocessing = 0;
		};
/* End PBXSourcesBuildPhase section */

/* Begin PBXTargetDependency section */
		7BA46D4020188D030034E539 /* PBXTargetDependency */ = {
			isa = PBXTargetDependency;
			target = 7BA46D2920188D020034E539 /* weaterify-ios */;
			targetProxy = 7BA46D3F20188D030034E539 /* PBXContainerItemProxy */;
		};
/* End PBXTargetDependency section */

/* Begin PBXVariantGroup section */
		7BA46D3120188D020034E539 /* Main.storyboard */ = {
			isa = PBXVariantGroup;
			children = (
				7BA46D3220188D020034E539 /* Base */,
			);
			name = Main.storyboard;
			sourceTree = "<group>";
		};
		7BA46D3620188D020034E539 /* LaunchScreen.storyboard */ = {
			isa = PBXVariantGroup;
			children = (
				7BA46D3720188D020034E539 /* Base */,
			);
			name = LaunchScreen.storyboard;
			sourceTree = "<group>";
		};
/* End PBXVariantGroup section */

/* Begin XCBuildConfiguration section */
		7BA46D4520188D030034E539 /* Debug */ = {
			isa = XCBuildConfiguration;
			buildSettings = {
				ALWAYS_SEARCH_USER_PATHS = NO;
				CLANG_ANALYZER_NONNULL = YES;
				CLANG_ANALYZER_NUMBER_OBJECT_CONVERSION = YES_AGGRESSIVE;
				CLANG_CXX_LANGUAGE_STANDARD = "gnu++14";
				CLANG_CXX_LIBRARY = "libc++";
				CLANG_ENABLE_MODULES = YES;
				CLANG_ENABLE_OBJC_ARC = YES;
				CLANG_WARN_BLOCK_CAPTURE_AUTORELEASING = YES;
				CLANG_WARN_BOOL_CONVERSION = YES;
				CLANG_WARN_COMMA = YES;
				CLANG_WARN_CONSTANT_CONVERSION = YES;
				CLANG_WARN_DIRECT_OBJC_ISA_USAGE = YES_ERROR;
				CLANG_WARN_DOCUMENTATION_COMMENTS = YES;
				CLANG_WARN_EMPTY_BODY = YES;
				CLANG_WARN_ENUM_CONVERSION = YES;
				CLANG_WARN_INFINITE_RECURSION = YES;
				CLANG_WARN_INT_CONVERSION = YES;
				CLANG_WARN_NON_LITERAL_NULL_CONVERSION = YES;
				CLANG_WARN_OBJC_LITERAL_CONVERSION = YES;
				CLANG_WARN_OBJC_ROOT_CLASS = YES_ERROR;
				CLANG_WARN_RANGE_LOOP_ANALYSIS = YES;
				CLANG_WARN_STRICT_PROTOTYPES = YES;
				CLANG_WARN_SUSPICIOUS_MOVE = YES;
				CLANG_WARN_UNGUARDED_AVAILABILITY = YES_AGGRESSIVE;
				CLANG_WARN_UNREACHABLE_CODE = YES;
				CLANG_WARN__DUPLICATE_METHOD_MATCH = YES;
				CODE_SIGN_IDENTITY = "iPhone Developer";
				COPY_PHASE_STRIP = NO;
				DEBUG_INFORMATION_FORMAT = dwarf;
				ENABLE_STRICT_OBJC_MSGSEND = YES;
				ENABLE_TESTABILITY = YES;
				GCC_C_LANGUAGE_STANDARD = gnu11;
				GCC_DYNAMIC_NO_PIC = NO;
				GCC_NO_COMMON_BLOCKS = YES;
				GCC_OPTIMIZATION_LEVEL = 0;
				GCC_PREPROCESSOR_DEFINITIONS = (
					"DEBUG=1",
					"$(inherited)",
				);
				GCC_WARN_64_TO_32_BIT_CONVERSION = YES;
				GCC_WARN_ABOUT_RETURN_TYPE = YES_ERROR;
				GCC_WARN_UNDECLARED_SELECTOR = YES;
				GCC_WARN_UNINITIALIZED_AUTOS = YES_AGGRESSIVE;
				GCC_WARN_UNUSED_FUNCTION = YES;
				GCC_WARN_UNUSED_VARIABLE = YES;
				IPHONEOS_DEPLOYMENT_TARGET = 11.0;
				MTL_ENABLE_DEBUG_INFO = YES;
				ONLY_ACTIVE_ARCH = YES;
				SDKROOT = iphoneos;
				SWIFT_ACTIVE_COMPILATION_CONDITIONS = DEBUG;
				SWIFT_OPTIMIZATION_LEVEL = "-Onone";
			};
			name = Debug;
		};
		7BA46D4620188D030034E539 /* Release */ = {
			isa = XCBuildConfiguration;
			buildSettings = {
				ALWAYS_SEARCH_USER_PATHS = NO;
				CLANG_ANALYZER_NONNULL = YES;
				CLANG_ANALYZER_NUMBER_OBJECT_CONVERSION = YES_AGGRESSIVE;
				CLANG_CXX_LANGUAGE_STANDARD = "gnu++14";
				CLANG_CXX_LIBRARY = "libc++";
				CLANG_ENABLE_MODULES = YES;
				CLANG_ENABLE_OBJC_ARC = YES;
				CLANG_WARN_BLOCK_CAPTURE_AUTORELEASING = YES;
				CLANG_WARN_BOOL_CONVERSION = YES;
				CLANG_WARN_COMMA = YES;
				CLANG_WARN_CONSTANT_CONVERSION = YES;
				CLANG_WARN_DIRECT_OBJC_ISA_USAGE = YES_ERROR;
				CLANG_WARN_DOCUMENTATION_COMMENTS = YES;
				CLANG_WARN_EMPTY_BODY = YES;
				CLANG_WARN_ENUM_CONVERSION = YES;
				CLANG_WARN_INFINITE_RECURSION = YES;
				CLANG_WARN_INT_CONVERSION = YES;
				CLANG_WARN_NON_LITERAL_NULL_CONVERSION = YES;
				CLANG_WARN_OBJC_LITERAL_CONVERSION = YES;
				CLANG_WARN_OBJC_ROOT_CLASS = YES_ERROR;
				CLANG_WARN_RANGE_LOOP_ANALYSIS = YES;
				CLANG_WARN_STRICT_PROTOTYPES = YES;
				CLANG_WARN_SUSPICIOUS_MOVE = YES;
				CLANG_WARN_UNGUARDED_AVAILABILITY = YES_AGGRESSIVE;
				CLANG_WARN_UNREACHABLE_CODE = YES;
				CLANG_WARN__DUPLICATE_METHOD_MATCH = YES;
				CODE_SIGN_IDENTITY = "iPhone Developer";
				COPY_PHASE_STRIP = NO;
				DEBUG_INFORMATION_FORMAT = "dwarf-with-dsym";
				ENABLE_NS_ASSERTIONS = NO;
				ENABLE_STRICT_OBJC_MSGSEND = YES;
				GCC_C_LANGUAGE_STANDARD = gnu11;
				GCC_NO_COMMON_BLOCKS = YES;
				GCC_WARN_64_TO_32_BIT_CONVERSION = YES;
				GCC_WARN_ABOUT_RETURN_TYPE = YES_ERROR;
				GCC_WARN_UNDECLARED_SELECTOR = YES;
				GCC_WARN_UNINITIALIZED_AUTOS = YES_AGGRESSIVE;
				GCC_WARN_UNUSED_FUNCTION = YES;
				GCC_WARN_UNUSED_VARIABLE = YES;
				IPHONEOS_DEPLOYMENT_TARGET = 11.0;
				MTL_ENABLE_DEBUG_INFO = NO;
				SDKROOT = iphoneos;
				SWIFT_OPTIMIZATION_LEVEL = "-Owholemodule";
				VALIDATE_PRODUCT = YES;
			};
			name = Release;
		};
		7BA46D4820188D030034E539 /* Debug */ = {
			isa = XCBuildConfiguration;
			buildSettings = {
				ALWAYS_EMBED_SWIFT_STANDARD_LIBRARIES = YES;
				ASSETCATALOG_COMPILER_APPICON_NAME = AppIcon;
				CODE_SIGN_IDENTITY = "";
				CODE_SIGN_STYLE = Manual;
				DEVELOPMENT_TEAM = "";
				FRAMEWORK_SEARCH_PATHS = (
					"$(inherited)",
					"$(PROJECT_DIR)/Carthage/Build/iOS",
				);
				INFOPLIST_FILE = "weaterify-ios/Resources/Info.plist";
				IPHONEOS_DEPLOYMENT_TARGET = 9.0;
				LD_RUNPATH_SEARCH_PATHS = "$(inherited) @executable_path/Frameworks";
				PRODUCT_BUNDLE_IDENTIFIER = "com.syllerim.weaterify-ios";
				PRODUCT_NAME = "$(TARGET_NAME)";
				PROVISIONING_PROFILE_SPECIFIER = "";
				SWIFT_VERSION = 4.0;
				TARGETED_DEVICE_FAMILY = 1;
			};
			name = Debug;
		};
		7BA46D4920188D030034E539 /* Release */ = {
			isa = XCBuildConfiguration;
			buildSettings = {
				ALWAYS_EMBED_SWIFT_STANDARD_LIBRARIES = YES;
				ASSETCATALOG_COMPILER_APPICON_NAME = AppIcon;
				CODE_SIGN_IDENTITY = "";
				CODE_SIGN_STYLE = Manual;
				DEVELOPMENT_TEAM = "";
				FRAMEWORK_SEARCH_PATHS = (
					"$(inherited)",
					"$(PROJECT_DIR)/Carthage/Build/iOS",
				);
				INFOPLIST_FILE = "weaterify-ios/Resources/Info.plist";
				IPHONEOS_DEPLOYMENT_TARGET = 9.0;
				LD_RUNPATH_SEARCH_PATHS = "$(inherited) @executable_path/Frameworks";
				PRODUCT_BUNDLE_IDENTIFIER = "com.syllerim.weaterify-ios";
				PRODUCT_NAME = "$(TARGET_NAME)";
				PROVISIONING_PROFILE_SPECIFIER = "";
				SWIFT_VERSION = 4.0;
				TARGETED_DEVICE_FAMILY = 1;
			};
			name = Release;
		};
		7BA46D4B20188D030034E539 /* Debug */ = {
			isa = XCBuildConfiguration;
			buildSettings = {
				ALWAYS_EMBED_SWIFT_STANDARD_LIBRARIES = YES;
				BUNDLE_LOADER = "$(TEST_HOST)";
				CODE_SIGN_STYLE = Manual;
				DEVELOPMENT_TEAM = "";
				FRAMEWORK_SEARCH_PATHS = (
					"$(inherited)",
					"$(PROJECT_DIR)/Carthage/Build/iOS",
				);
				INFOPLIST_FILE = "weaterify-iosTests/Info.plist";
				LD_RUNPATH_SEARCH_PATHS = "$(inherited) @executable_path/Frameworks @loader_path/Frameworks $(PROJECT_DIR)/Carthage/Build/iOS";
				PRODUCT_BUNDLE_IDENTIFIER = "com.syllerim.weaterify-iosTests";
				PRODUCT_NAME = "$(TARGET_NAME)";
				PROVISIONING_PROFILE_SPECIFIER = "";
				SWIFT_VERSION = 4.0;
				TARGETED_DEVICE_FAMILY = 1;
				TEST_HOST = "$(BUILT_PRODUCTS_DIR)/weaterify-ios.app/weaterify-ios";
			};
			name = Debug;
		};
		7BA46D4C20188D030034E539 /* Release */ = {
			isa = XCBuildConfiguration;
			buildSettings = {
				ALWAYS_EMBED_SWIFT_STANDARD_LIBRARIES = YES;
				BUNDLE_LOADER = "$(TEST_HOST)";
				CODE_SIGN_STYLE = Manual;
				DEVELOPMENT_TEAM = "";
				FRAMEWORK_SEARCH_PATHS = (
					"$(inherited)",
					"$(PROJECT_DIR)/Carthage/Build/iOS",
				);
				INFOPLIST_FILE = "weaterify-iosTests/Info.plist";
				LD_RUNPATH_SEARCH_PATHS = "$(inherited) @executable_path/Frameworks @loader_path/Frameworks $(PROJECT_DIR)/Carthage/Build/iOS";
				PRODUCT_BUNDLE_IDENTIFIER = "com.syllerim.weaterify-iosTests";
				PRODUCT_NAME = "$(TARGET_NAME)";
				PROVISIONING_PROFILE_SPECIFIER = "";
				SWIFT_VERSION = 4.0;
				TARGETED_DEVICE_FAMILY = 1;
				TEST_HOST = "$(BUILT_PRODUCTS_DIR)/weaterify-ios.app/weaterify-ios";
			};
			name = Release;
		};
/* End XCBuildConfiguration section */

/* Begin XCConfigurationList section */
		7BA46D2520188D020034E539 /* Build configuration list for PBXProject "weaterify-ios" */ = {
			isa = XCConfigurationList;
			buildConfigurations = (
				7BA46D4520188D030034E539 /* Debug */,
				7BA46D4620188D030034E539 /* Release */,
			);
			defaultConfigurationIsVisible = 0;
			defaultConfigurationName = Release;
		};
		7BA46D4720188D030034E539 /* Build configuration list for PBXNativeTarget "weaterify-ios" */ = {
			isa = XCConfigurationList;
			buildConfigurations = (
				7BA46D4820188D030034E539 /* Debug */,
				7BA46D4920188D030034E539 /* Release */,
			);
			defaultConfigurationIsVisible = 0;
			defaultConfigurationName = Release;
		};
		7BA46D4A20188D030034E539 /* Build configuration list for PBXNativeTarget "weaterify-iosTests" */ = {
			isa = XCConfigurationList;
			buildConfigurations = (
				7BA46D4B20188D030034E539 /* Debug */,
				7BA46D4C20188D030034E539 /* Release */,
			);
			defaultConfigurationIsVisible = 0;
			defaultConfigurationName = Release;
		};
/* End XCConfigurationList section */
	};
	rootObject = 7BA46D2220188D020034E539 /* Project object */;
}
